
Microsoft Visual Studio Solution File, Format Version 12.00
# Visual Studio Version 16
VisualStudioVersion = 16.0.30011.22
MinimumVisualStudioVersion = 10.0.40219.1
Project("{8BC9CEB8-8B4A-11D0-8D11-00A0C91BC942}") = "Vending_Machine", "Vending_Machine.vcxproj", "{09A48051-9739-4335-84ED-3794423CE2CD}"
EndProject
Global
	GlobalSection(SolutionConfigurationPlatforms) = preSolution
		Debug|x64 = Debug|x64
		Debug|x86 = Debug|x86
		Release|x64 = Release|x64
		Release|x86 = Release|x86
	EndGlobalSection
	GlobalSection(ProjectConfigurationPlatforms) = postSolution
		{09A48051-9739-4335-84ED-3794423CE2CD}.Debug|x64.ActiveCfg = Debug|x64
		{09A48051-9739-4335-84ED-3794423CE2CD}.Debug|x64.Build.0 = Debug|x64
		{09A48051-9739-4335-84ED-3794423CE2CD}.Debug|x86.ActiveCfg = Debug|Win32
		{09A48051-9739-4335-84ED-3794423CE2CD}.Debug|x86.Build.0 = Debug|Win32
		{09A48051-9739-4335-84ED-3794423CE2CD}.Release|x64.ActiveCfg = Release|x64
		{09A48051-9739-4335-84ED-3794423CE2CD}.Release|x64.Build.0 = Release|x64
		{09A48051-9739-4335-84ED-3794423CE2CD}.Release|x86.ActiveCfg = Release|Win32
		{09A48051-9739-4335-84ED-3794423CE2CD}.Release|x86.Build.0 = Release|Win32
	EndGlobalSection
	GlobalSection(SolutionProperties) = preSolution
		HideSolutionNode = FALSE
	EndGlobalSection
	GlobalSection(ExtensibilityGlobals) = postSolution
		SolutionGuid = {105126E6-7A94-40C7-B0C7-A73938606F7C}
	EndGlobalSection
EndGlobal
